// !$*UTF8*$!
{
	archiveVersion = 1;
	classes = {
	};
	objectVersion = 50;
	objects = {

/* Begin PBXBuildFile section */
		545263D824FF5BBE00A0E52D /* AppDelegate.swift in Sources */ = {isa = PBXBuildFile; fileRef = 545263D724FF5BBE00A0E52D /* AppDelegate.swift */; };
		545263DA24FF5BBE00A0E52D /* SceneDelegate.swift in Sources */ = {isa = PBXBuildFile; fileRef = 545263D924FF5BBE00A0E52D /* SceneDelegate.swift */; };
		545263DC24FF5BBE00A0E52D /* ViewController.swift in Sources */ = {isa = PBXBuildFile; fileRef = 545263DB24FF5BBE00A0E52D /* ViewController.swift */; };
		545263DF24FF5BBE00A0E52D /* Main.storyboard in Resources */ = {isa = PBXBuildFile; fileRef = 545263DD24FF5BBE00A0E52D /* Main.storyboard */; };
		545263E124FF5BC000A0E52D /* Assets.xcassets in Resources */ = {isa = PBXBuildFile; fileRef = 545263E024FF5BC000A0E52D /* Assets.xcassets */; };
		545263E424FF5BC000A0E52D /* LaunchScreen.storyboard in Resources */ = {isa = PBXBuildFile; fileRef = 545263E224FF5BC000A0E52D /* LaunchScreen.storyboard */; };
/* End PBXBuildFile section */

/* Begin PBXFileReference section */
		545263D424FF5BBE00A0E52D /* GetJSONDatabase.app */ = {isa = PBXFileReference; explicitFileType = wrapper.application; includeInIndex = 0; path = GetJSONDatabase.app; sourceTree = BUILT_PRODUCTS_DIR; };
		545263D724FF5BBE00A0E52D /* AppDelegate.swift */ = {isa = PBXFileReference; lastKnownFileType = sourcecode.swift; path = AppDelegate.swift; sourceTree = "<group>"; };
		545263D924FF5BBE00A0E52D /* SceneDelegate.swift */ = {isa = PBXFileReference; lastKnownFileType = sourcecode.swift; path = SceneDelegate.swift; sourceTree = "<group>"; };
		545263DB24FF5BBE00A0E52D /* ViewController.swift */ = {isa = PBXFileReference; lastKnownFileType = sourcecode.swift; path = ViewController.swift; sourceTree = "<group>"; };
		545263DE24FF5BBE00A0E52D /* Base */ = {isa = PBXFileReference; lastKnownFileType = file.storyboard; name = Base; path = Base.lproj/Main.storyboard; sourceTree = "<group>"; };
		545263E024FF5BC000A0E52D /* Assets.xcassets */ = {isa = PBXFileReference; lastKnownFileType = folder.assetcatalog; path = Assets.xcassets; sourceTree = "<group>"; };
		545263E324FF5BC000A0E52D /* Base */ = {isa = PBXFileReference; lastKnownFileType = file.storyboard; name = Base; path = Base.lproj/LaunchScreen.storyboard; sourceTree = "<group>"; };
		545263E524FF5BC000A0E52D /* Info.plist */ = {isa = PBXFileReference; lastKnownFileType = text.plist.xml; path = Info.plist; sourceTree = "<group>"; };
/* End PBXFileReference section */

/* Begin PBXFrameworksBuildPhase section */
		545263D124FF5BBE00A0E52D /* Frameworks */ = {
			isa = PBXFrameworksBuildPhase;
			buildActionMask = 2147483647;
			files = (
			);
			runOnlyForDeploymentPostprocessing = 0;
		};
/* End PBXFrameworksBuildPhase section */

/* Begin PBXGroup section */
		545263CB24FF5BBE00A0E52D = {
			isa = PBXGroup;
			children = (
				545263D624FF5BBE00A0E52D /* GetJSONDatabase */,
				545263D524FF5BBE00A0E52D /* Products */,
			);
			sourceTree = "<group>";
		};
		545263D524FF5BBE00A0E52D /* Products */ = {
			isa = PBXGroup;
			children = (
				545263D424FF5BBE00A0E52D /* GetJSONDatabase.app */,
			);
			name = Products;
			sourceTree = "<group>";
		};
		545263D624FF5BBE00A0E52D /* GetJSONDatabase */ = {
			isa = PBXGroup;
			children = (
				545263D724FF5BBE00A0E52D /* AppDelegate.swift */,
				545263D924FF5BBE00A0E52D /* SceneDelegate.swift */,
				545263DB24FF5BBE00A0E52D /* ViewController.swift */,
				545263DD24FF5BBE00A0E52D /* Main.storyboard */,
				545263E024FF5BC000A0E52D /* Assets.xcassets */,
				545263E224FF5BC000A0E52D /* LaunchScreen.storyboard */,
				545263E524FF5BC000A0E52D /* Info.plist */,
			);
			path = GetJSONDatabase;
			sourceTree = "<group>";
		};
/* End PBXGroup section */

/* Begin PBXNativeTarget section */
		545263D324FF5BBE00A0E52D /* GetJSONDatabase */ = {
			isa = PBXNativeTarget;
			buildConfigurationList = 545263E824FF5BC000A0E52D /* Build configuration list for PBXNativeTarget "GetJSONDatabase" */;
			buildPhases = (
				545263D024FF5BBE00A0E52D /* Sources */,
				545263D124FF5BBE00A0E52D /* Frameworks */,
				545263D224FF5BBE00A0E52D /* Resources */,
			);
			buildRules = (
			);
			dependencies = (
			);
			name = GetJSONDatabase;
			productName = GetJSONDatabase;
			productReference = 545263D424FF5BBE00A0E52D /* GetJSONDatabase.app */;
			productType = "com.apple.product-type.application";
		};
/* End PBXNativeTarget section */

/* Begin PBXProject section */
		545263CC24FF5BBE00A0E52D /* Project object */ = {
			isa = PBXProject;
			attributes = {
				LastSwiftUpdateCheck = 1130;
				LastUpgradeCheck = 1130;
				ORGANIZATIONNAME = hyu;
				TargetAttributes = {
					545263D324FF5BBE00A0E52D = {
						CreatedOnToolsVersion = 11.3;
					};
				};
			};
			buildConfigurationList = 545263CF24FF5BBE00A0E52D /* Build configuration list for PBXProject "GetJSONDatabase" */;
			compatibilityVersion = "Xcode 9.3";
			developmentRegion = en;
			hasScannedForEncodings = 0;
			knownRegions = (
				en,
				Base,
			);
			mainGroup = 545263CB24FF5BBE00A0E52D;
			productRefGroup = 545263D524FF5BBE00A0E52D /* Products */;
			projectDirPath = "";
			projectRoot = "";
			targets = (
				545263D324FF5BBE00A0E52D /* GetJSONDatabase */,
			);
		};
/* End PBXProject section */

/* Begin PBXResourcesBuildPhase section */
		545263D224FF5BBE00A0E52D /* Resources */ = {
			isa = PBXResourcesBuildPhase;
			buildActionMask = 2147483647;
			files = (
				545263E424FF5BC000A0E52D /* LaunchScreen.storyboard in Resources */,
				545263E124FF5BC000A0E52D /* Assets.xcassets in Resources */,
				545263DF24FF5BBE00A0E52D /* Main.storyboard in Resources */,
			);
			runOnlyForDeploymentPostprocessing = 0;
		};
/* End PBXResourcesBuildPhase section */

/* Begin PBXSourcesBuildPhase section */
		545263D024FF5BBE00A0E52D /* Sources */ = {
			isa = PBXSourcesBuildPhase;
			buildActionMask = 2147483647;
			files = (
				545263DC24FF5BBE00A0E52D /* ViewController.swift in Sources */,
				545263D824FF5BBE00A0E52D /* AppDelegate.swift in Sources */,
				545263DA24FF5BBE00A0E52D /* SceneDelegate.swift in Sources */,
			);
			runOnlyForDeploymentPostprocessing = 0;
		};
/* End PBXSourcesBuildPhase section */

/* Begin PBXVariantGroup section */
		545263DD24FF5BBE00A0E52D /* Main.storyboard */ = {
			isa = PBXVariantGroup;
			children = (
				545263DE24FF5BBE00A0E52D /* Base */,
			);
			name = Main.storyboard;
			sourceTree = "<group>";
		};
		545263E224FF5BC000A0E52D /* LaunchScreen.storyboard */ = {
			isa = PBXVariantGroup;
			children = (
				545263E324FF5BC000A0E52D /* Base */,
			);
			name = LaunchScreen.storyboard;
			sourceTree = "<group>";
		};
/* End PBXVariantGroup section */

/* Begin XCBuildConfiguration section */
		545263E624FF5BC000A0E52D /* Debug */ = {
			isa = XCBuildConfiguration;
			buildSettings = {
				ALWAYS_SEARCH_USER_PATHS = NO;
				CLANG_ANALYZER_NONNULL = YES;
				CLANG_ANALYZER_NUMBER_OBJECT_CONVERSION = YES_AGGRESSIVE;
				CLANG_CXX_LANGUAGE_STANDARD = "gnu++14";
				CLANG_CXX_LIBRARY = "libc++";
				CLANG_ENABLE_MODULES = YES;
				CLANG_ENABLE_OBJC_ARC = YES;
				CLANG_ENABLE_OBJC_WEAK = YES;
				CLANG_WARN_BLOCK_CAPTURE_AUTORELEASING = YES;
				CLANG_WARN_BOOL_CONVERSION = YES;
				CLANG_WARN_COMMA = YES;
				CLANG_WARN_CONSTANT_CONVERSION = YES;
				CLANG_WARN_DEPRECATED_OBJC_IMPLEMENTATIONS = YES;
				CLANG_WARN_DIRECT_OBJC_ISA_USAGE = YES_ERROR;
				CLANG_WARN_DOCUMENTATION_COMMENTS = YES;
				CLANG_WARN_EMPTY_BODY = YES;
				CLANG_WARN_ENUM_CONVERSION = YES;
				CLANG_WARN_INFINITE_RECURSION = YES;
				CLANG_WARN_INT_CONVERSION = YES;
				CLANG_WARN_NON_LITERAL_NULL_CONVERSION = YES;
				CLANG_WARN_OBJC_IMPLICIT_RETAIN_SELF = YES;
				CLANG_WARN_OBJC_LITERAL_CONVERSION = YES;
				CLANG_WARN_OBJC_ROOT_CLASS = YES_ERROR;
				CLANG_WARN_RANGE_LOOP_ANALYSIS = YES;
				CLANG_WARN_STRICT_PROTOTYPES = YES;
				CLANG_WARN_SUSPICIOUS_MOVE = YES;
				CLANG_WARN_UNGUARDED_AVAILABILITY = YES_AGGRESSIVE;
				CLANG_WARN_UNREACHABLE_CODE = YES;
				CLANG_WARN__DUPLICATE_METHOD_MATCH = YES;
				COPY_PHASE_STRIP = NO;
				DEBUG_INFORMATION_FORMAT = dwarf;
				ENABLE_STRICT_OBJC_MSGSEND = YES;
				ENABLE_TESTABILITY = YES;
				GCC_C_LANGUAGE_STANDARD = gnu11;
				GCC_DYNAMIC_NO_PIC = NO;
				GCC_NO_COMMON_BLOCKS = YES;
				GCC_OPTIMIZATION_LEVEL = 0;
				GCC_PREPROCESSOR_DEFINITIONS = (
					"DEBUG=1",
					"$(inherited)",
				);
				GCC_WARN_64_TO_32_BIT_CONVERSION = YES;
				GCC_WARN_ABOUT_RETURN_TYPE = YES_ERROR;
				GCC_WARN_UNDECLARED_SELECTOR = YES;
				GCC_WARN_UNINITIALIZED_AUTOS = YES_AGGRESSIVE;
				GCC_WARN_UNUSED_FUNCTION = YES;
				GCC_WARN_UNUSED_VARIABLE = YES;
				IPHONEOS_DEPLOYMENT_TARGET = 13.2;
				MTL_ENABLE_DEBUG_INFO = INCLUDE_SOURCE;
				MTL_FAST_MATH = YES;
				ONLY_ACTIVE_ARCH = YES;
				SDKROOT = iphoneos;
				SWIFT_ACTIVE_COMPILATION_CONDITIONS = DEBUG;
				SWIFT_OPTIMIZATION_LEVEL = "-Onone";
			};
			name = Debug;
		};
		545263E724FF5BC000A0E52D /* Release */ = {
			isa = XCBuildConfiguration;
			buildSettings = {
				ALWAYS_SEARCH_USER_PATHS = NO;
				CLANG_ANALYZER_NONNULL = YES;
				CLANG_ANALYZER_NUMBER_OBJECT_CONVERSION = YES_AGGRESSIVE;
				CLANG_CXX_LANGUAGE_STANDARD = "gnu++14";
				CLANG_CXX_LIBRARY = "libc++";
				CLANG_ENABLE_MODULES = YES;
				CLANG_ENABLE_OBJC_ARC = YES;
				CLANG_ENABLE_OBJC_WEAK = YES;
				CLANG_WARN_BLOCK_CAPTURE_AUTORELEASING = YES;
				CLANG_WARN_BOOL_CONVERSION = YES;
				CLANG_WARN_COMMA = YES;
				CLANG_WARN_CONSTANT_CONVERSION = YES;
				CLANG_WARN_DEPRECATED_OBJC_IMPLEMENTATIONS = YES;
				CLANG_WARN_DIRECT_OBJC_ISA_USAGE = YES_ERROR;
				CLANG_WARN_DOCUMENTATION_COMMENTS = YES;
				CLANG_WARN_EMPTY_BODY = YES;
				CLANG_WARN_ENUM_CONVERSION = YES;
				CLANG_WARN_INFINITE_RECURSION = YES;
				CLANG_WARN_INT_CONVERSION = YES;
				CLANG_WARN_NON_LITERAL_NULL_CONVERSION = YES;
				CLANG_WARN_OBJC_IMPLICIT_RETAIN_SELF = YES;
				CLANG_WARN_OBJC_LITERAL_CONVERSION = YES;
				CLANG_WARN_OBJC_ROOT_CLASS = YES_ERROR;
				CLANG_WARN_RANGE_LOOP_ANALYSIS = YES;
				CLANG_WARN_STRICT_PROTOTYPES = YES;
				CLANG_WARN_SUSPICIOUS_MOVE = YES;
				CLANG_WARN_UNGUARDED_AVAILABILITY = YES_AGGRESSIVE;
				CLANG_WARN_UNREACHABLE_CODE = YES;
				CLANG_WARN__DUPLICATE_METHOD_MATCH = YES;
				COPY_PHASE_STRIP = NO;
				DEBUG_INFORMATION_FORMAT = "dwarf-with-dsym";
				ENABLE_NS_ASSERTIONS = NO;
				ENABLE_STRICT_OBJC_MSGSEND = YES;
				GCC_C_LANGUAGE_STANDARD = gnu11;
				GCC_NO_COMMON_BLOCKS = YES;
				GCC_WARN_64_TO_32_BIT_CONVERSION = YES;
				GCC_WARN_ABOUT_RETURN_TYPE = YES_ERROR;
				GCC_WARN_UNDECLARED_SELECTOR = YES;
				GCC_WARN_UNINITIALIZED_AUTOS = YES_AGGRESSIVE;
				GCC_WARN_UNUSED_FUNCTION = YES;
				GCC_WARN_UNUSED_VARIABLE = YES;
				IPHONEOS_DEPLOYMENT_TARGET = 13.2;
				MTL_ENABLE_DEBUG_INFO = NO;
				MTL_FAST_MATH = YES;
				SDKROOT = iphoneos;
				SWIFT_COMPILATION_MODE = wholemodule;
				SWIFT_OPTIMIZATION_LEVEL = "-O";
				VALIDATE_PRODUCT = YES;
			};
			name = Release;
		};
		545263E924FF5BC000A0E52D /* Debug */ = {
			isa = XCBuildConfiguration;
			buildSettings = {
				ASSETCATALOG_COMPILER_APPICON_NAME = AppIcon;
				CODE_SIGN_STYLE = Automatic;
				DEVELOPMENT_TEAM = ZZQ49LJPA4;
				INFOPLIST_FILE = GetJSONDatabase/Info.plist;
				LD_RUNPATH_SEARCH_PATHS = (
					"$(inherited)",
					"@executable_path/Frameworks",
				);
				PRODUCT_BUNDLE_IDENTIFIER = re.GetJSONDatabase;
				PRODUCT_NAME = "$(TARGET_NAME)";
				SWIFT_VERSION = 5.0;
				TARGETED_DEVICE_FAMILY = "1,2";
			};
			name = Debug;
		};
		545263EA24FF5BC000A0E52D /* Release */ = {
			isa = XCBuildConfiguration;
			buildSettings = {
				ASSETCATALOG_COMPILER_APPICON_NAME = AppIcon;
				CODE_SIGN_STYLE = Automatic;
				DEVELOPMENT_TEAM = ZZQ49LJPA4;
				INFOPLIST_FILE = GetJSONDatabase/Info.plist;
				LD_RUNPATH_SEARCH_PATHS = (
					"$(inherited)",
					"@executable_path/Frameworks",
				);
				PRODUCT_BUNDLE_IDENTIFIER = re.GetJSONDatabase;
				PRODUCT_NAME = "$(TARGET_NAME)";
				SWIFT_VERSION = 5.0;
				TARGETED_DEVICE_FAMILY = "1,2";
			};
			name = Release;
		};
/* End XCBuildConfiguration section */

/* Begin XCConfigurationList section */
		545263CF24FF5BBE00A0E52D /* Build configuration list for PBXProject "GetJSONDatabase" */ = {
			isa = XCConfigurationList;
			buildConfigurations = (
				545263E624FF5BC000A0E52D /* Debug */,
				545263E724FF5BC000A0E52D /* Release */,
			);
			defaultConfigurationIsVisible = 0;
			defaultConfigurationName = Release;
		};
		545263E824FF5BC000A0E52D /* Build configuration list for PBXNativeTarget "GetJSONDatabase" */ = {
			isa = XCConfigurationList;
			buildConfigurations = (
				545263E924FF5BC000A0E52D /* Debug */,
				545263EA24FF5BC000A0E52D /* Release */,
			);
			defaultConfigurationIsVisible = 0;
			defaultConfigurationName = Release;
		};
/* End XCConfigurationList section */
	};
	rootObject = 545263CC24FF5BBE00A0E52D /* Project object */;
}
